// !$*UTF8*$!
{
	archiveVersion = 1;
	classes = {
	};
	objectVersion = 46;
	objects = {

/* Begin PBXBuildFile section */
		9646CAEC1B8E8B60003FF188 /* AppDelegate.swift in Sources */ = {isa = PBXBuildFile; fileRef = 9646CAEB1B8E8B60003FF188 /* AppDelegate.swift */; };
		9646CAEF1B8E8B60003FF188 /* ListaCoreData.xcdatamodeld in Sources */ = {isa = PBXBuildFile; fileRef = 9646CAED1B8E8B60003FF188 /* ListaCoreData.xcdatamodeld */; };
		9646CAF11B8E8B60003FF188 /* ViewController.swift in Sources */ = {isa = PBXBuildFile; fileRef = 9646CAF01B8E8B60003FF188 /* ViewController.swift */; };
		9646CAF41B8E8B60003FF188 /* Main.storyboard in Resources */ = {isa = PBXBuildFile; fileRef = 9646CAF21B8E8B60003FF188 /* Main.storyboard */; };
		9646CAF61B8E8B60003FF188 /* Images.xcassets in Resources */ = {isa = PBXBuildFile; fileRef = 9646CAF51B8E8B60003FF188 /* Images.xcassets */; };
		9646CAF91B8E8B60003FF188 /* LaunchScreen.xib in Resources */ = {isa = PBXBuildFile; fileRef = 9646CAF71B8E8B60003FF188 /* LaunchScreen.xib */; };
		9646CB051B8E8B61003FF188 /* ListaCoreDataTests.swift in Sources */ = {isa = PBXBuildFile; fileRef = 9646CB041B8E8B61003FF188 /* ListaCoreDataTests.swift */; };
		96535AC61B8FE78F009402B7 /* Item.swift in Sources */ = {isa = PBXBuildFile; fileRef = 96535AC51B8FE78F009402B7 /* Item.swift */; };
		96EB560B1B8F61240059EB1B /* README.md in Resources */ = {isa = PBXBuildFile; fileRef = 96EB560A1B8F61240059EB1B /* README.md */; };
/* End PBXBuildFile section */

/* Begin PBXContainerItemProxy section */
		9646CAFF1B8E8B61003FF188 /* PBXContainerItemProxy */ = {
			isa = PBXContainerItemProxy;
			containerPortal = 9646CADE1B8E8B60003FF188 /* Project object */;
			proxyType = 1;
			remoteGlobalIDString = 9646CAE51B8E8B60003FF188;
			remoteInfo = ListaCoreData;
		};
/* End PBXContainerItemProxy section */

/* Begin PBXFileReference section */
		9646CAE61B8E8B60003FF188 /* ListaCoreData.app */ = {isa = PBXFileReference; explicitFileType = wrapper.application; includeInIndex = 0; path = ListaCoreData.app; sourceTree = BUILT_PRODUCTS_DIR; };
		9646CAEA1B8E8B60003FF188 /* Info.plist */ = {isa = PBXFileReference; lastKnownFileType = text.plist.xml; path = Info.plist; sourceTree = "<group>"; };
		9646CAEB1B8E8B60003FF188 /* AppDelegate.swift */ = {isa = PBXFileReference; lastKnownFileType = sourcecode.swift; path = AppDelegate.swift; sourceTree = "<group>"; };
		9646CAEE1B8E8B60003FF188 /* ListaCoreData.xcdatamodel */ = {isa = PBXFileReference; lastKnownFileType = wrapper.xcdatamodel; path = ListaCoreData.xcdatamodel; sourceTree = "<group>"; };
		9646CAF01B8E8B60003FF188 /* ViewController.swift */ = {isa = PBXFileReference; lastKnownFileType = sourcecode.swift; path = ViewController.swift; sourceTree = "<group>"; };
		9646CAF31B8E8B60003FF188 /* Base */ = {isa = PBXFileReference; lastKnownFileType = file.storyboard; name = Base; path = Base.lproj/Main.storyboard; sourceTree = "<group>"; };
		9646CAF51B8E8B60003FF188 /* Images.xcassets */ = {isa = PBXFileReference; lastKnownFileType = folder.assetcatalog; path = Images.xcassets; sourceTree = "<group>"; };
		9646CAF81B8E8B60003FF188 /* Base */ = {isa = PBXFileReference; lastKnownFileType = file.xib; name = Base; path = Base.lproj/LaunchScreen.xib; sourceTree = "<group>"; };
		9646CAFE1B8E8B61003FF188 /* ListaCoreDataTests.xctest */ = {isa = PBXFileReference; explicitFileType = wrapper.cfbundle; includeInIndex = 0; path = ListaCoreDataTests.xctest; sourceTree = BUILT_PRODUCTS_DIR; };
		9646CB031B8E8B61003FF188 /* Info.plist */ = {isa = PBXFileReference; lastKnownFileType = text.plist.xml; path = Info.plist; sourceTree = "<group>"; };
		9646CB041B8E8B61003FF188 /* ListaCoreDataTests.swift */ = {isa = PBXFileReference; lastKnownFileType = sourcecode.swift; path = ListaCoreDataTests.swift; sourceTree = "<group>"; };
		96535AC51B8FE78F009402B7 /* Item.swift */ = {isa = PBXFileReference; fileEncoding = 4; lastKnownFileType = sourcecode.swift; name = Item.swift; path = ../Item.swift; sourceTree = "<group>"; };
		96EB560A1B8F61240059EB1B /* README.md */ = {isa = PBXFileReference; fileEncoding = 4; lastKnownFileType = net.daringfireball.markdown; path = README.md; sourceTree = "<group>"; };
/* End PBXFileReference section */

/* Begin PBXFrameworksBuildPhase section */
		9646CAE31B8E8B60003FF188 /* Frameworks */ = {
			isa = PBXFrameworksBuildPhase;
			buildActionMask = 2147483647;
			files = (
			);
			runOnlyForDeploymentPostprocessing = 0;
		};
		9646CAFB1B8E8B61003FF188 /* Frameworks */ = {
			isa = PBXFrameworksBuildPhase;
			buildActionMask = 2147483647;
			files = (
			);
			runOnlyForDeploymentPostprocessing = 0;
		};
/* End PBXFrameworksBuildPhase section */

/* Begin PBXGroup section */
		9646CADD1B8E8B60003FF188 = {
			isa = PBXGroup;
			children = (
				96EB560A1B8F61240059EB1B /* README.md */,
				9646CAE81B8E8B60003FF188 /* ListaCoreData */,
				9646CB011B8E8B61003FF188 /* ListaCoreDataTests */,
				9646CAE71B8E8B60003FF188 /* Products */,
			);
			sourceTree = "<group>";
		};
		9646CAE71B8E8B60003FF188 /* Products */ = {
			isa = PBXGroup;
			children = (
				9646CAE61B8E8B60003FF188 /* ListaCoreData.app */,
				9646CAFE1B8E8B61003FF188 /* ListaCoreDataTests.xctest */,
			);
			name = Products;
			sourceTree = "<group>";
		};
		9646CAE81B8E8B60003FF188 /* ListaCoreData */ = {
			isa = PBXGroup;
			children = (
				96535AC51B8FE78F009402B7 /* Item.swift */,
				9646CAEB1B8E8B60003FF188 /* AppDelegate.swift */,
				9646CAF01B8E8B60003FF188 /* ViewController.swift */,
				9646CAF21B8E8B60003FF188 /* Main.storyboard */,
				9646CAF51B8E8B60003FF188 /* Images.xcassets */,
				9646CAF71B8E8B60003FF188 /* LaunchScreen.xib */,
				9646CAED1B8E8B60003FF188 /* ListaCoreData.xcdatamodeld */,
				9646CAE91B8E8B60003FF188 /* Supporting Files */,
			);
			path = ListaCoreData;
			sourceTree = "<group>";
		};
		9646CAE91B8E8B60003FF188 /* Supporting Files */ = {
			isa = PBXGroup;
			children = (
				9646CAEA1B8E8B60003FF188 /* Info.plist */,
			);
			name = "Supporting Files";
			sourceTree = "<group>";
		};
		9646CB011B8E8B61003FF188 /* ListaCoreDataTests */ = {
			isa = PBXGroup;
			children = (
				9646CB041B8E8B61003FF188 /* ListaCoreDataTests.swift */,
				9646CB021B8E8B61003FF188 /* Supporting Files */,
			);
			path = ListaCoreDataTests;
			sourceTree = "<group>";
		};
		9646CB021B8E8B61003FF188 /* Supporting Files */ = {
			isa = PBXGroup;
			children = (
				9646CB031B8E8B61003FF188 /* Info.plist */,
			);
			name = "Supporting Files";
			sourceTree = "<group>";
		};
/* End PBXGroup section */

/* Begin PBXNativeTarget section */
		9646CAE51B8E8B60003FF188 /* ListaCoreData */ = {
			isa = PBXNativeTarget;
			buildConfigurationList = 9646CB081B8E8B61003FF188 /* Build configuration list for PBXNativeTarget "ListaCoreData" */;
			buildPhases = (
				9646CAE21B8E8B60003FF188 /* Sources */,
				9646CAE31B8E8B60003FF188 /* Frameworks */,
				9646CAE41B8E8B60003FF188 /* Resources */,
			);
			buildRules = (
			);
			dependencies = (
			);
			name = ListaCoreData;
			productName = ListaCoreData;
			productReference = 9646CAE61B8E8B60003FF188 /* ListaCoreData.app */;
			productType = "com.apple.product-type.application";
		};
		9646CAFD1B8E8B61003FF188 /* ListaCoreDataTests */ = {
			isa = PBXNativeTarget;
			buildConfigurationList = 9646CB0B1B8E8B61003FF188 /* Build configuration list for PBXNativeTarget "ListaCoreDataTests" */;
			buildPhases = (
				9646CAFA1B8E8B61003FF188 /* Sources */,
				9646CAFB1B8E8B61003FF188 /* Frameworks */,
				9646CAFC1B8E8B61003FF188 /* Resources */,
			);
			buildRules = (
			);
			dependencies = (
				9646CB001B8E8B61003FF188 /* PBXTargetDependency */,
			);
			name = ListaCoreDataTests;
			productName = ListaCoreDataTests;
			productReference = 9646CAFE1B8E8B61003FF188 /* ListaCoreDataTests.xctest */;
			productType = "com.apple.product-type.bundle.unit-test";
		};
/* End PBXNativeTarget section */

/* Begin PBXProject section */
		9646CADE1B8E8B60003FF188 /* Project object */ = {
			isa = PBXProject;
			attributes = {
				LastUpgradeCheck = 0640;
				ORGANIZATIONNAME = "Diego Rossini Vieira";
				TargetAttributes = {
					9646CAE51B8E8B60003FF188 = {
						CreatedOnToolsVersion = 6.4;
					};
					9646CAFD1B8E8B61003FF188 = {
						CreatedOnToolsVersion = 6.4;
						TestTargetID = 9646CAE51B8E8B60003FF188;
					};
				};
			};
			buildConfigurationList = 9646CAE11B8E8B60003FF188 /* Build configuration list for PBXProject "ListaCoreData" */;
			compatibilityVersion = "Xcode 3.2";
			developmentRegion = English;
			hasScannedForEncodings = 0;
			knownRegions = (
				en,
				Base,
			);
			mainGroup = 9646CADD1B8E8B60003FF188;
			productRefGroup = 9646CAE71B8E8B60003FF188 /* Products */;
			projectDirPath = "";
			projectRoot = "";
			targets = (
				9646CAE51B8E8B60003FF188 /* ListaCoreData */,
				9646CAFD1B8E8B61003FF188 /* ListaCoreDataTests */,
			);
		};
/* End PBXProject section */

/* Begin PBXResourcesBuildPhase section */
		9646CAE41B8E8B60003FF188 /* Resources */ = {
			isa = PBXResourcesBuildPhase;
			buildActionMask = 2147483647;
			files = (
				96EB560B1B8F61240059EB1B /* README.md in Resources */,
				9646CAF41B8E8B60003FF188 /* Main.storyboard in Resources */,
				9646CAF91B8E8B60003FF188 /* LaunchScreen.xib in Resources */,
				9646CAF61B8E8B60003FF188 /* Images.xcassets in Resources */,
			);
			runOnlyForDeploymentPostprocessing = 0;
		};
		9646CAFC1B8E8B61003FF188 /* Resources */ = {
			isa = PBXResourcesBuildPhase;
			buildActionMask = 2147483647;
			files = (
			);
			runOnlyForDeploymentPostprocessing = 0;
		};
/* End PBXResourcesBuildPhase section */

/* Begin PBXSourcesBuildPhase section */
		9646CAE21B8E8B60003FF188 /* Sources */ = {
			isa = PBXSourcesBuildPhase;
			buildActionMask = 2147483647;
			files = (
				96535AC61B8FE78F009402B7 /* Item.swift in Sources */,
				9646CAF11B8E8B60003FF188 /* ViewController.swift in Sources */,
				9646CAEF1B8E8B60003FF188 /* ListaCoreData.xcdatamodeld in Sources */,
				9646CAEC1B8E8B60003FF188 /* AppDelegate.swift in Sources */,
			);
			runOnlyForDeploymentPostprocessing = 0;
		};
		9646CAFA1B8E8B61003FF188 /* Sources */ = {
			isa = PBXSourcesBuildPhase;
			buildActionMask = 2147483647;
			files = (
				9646CB051B8E8B61003FF188 /* ListaCoreDataTests.swift in Sources */,
			);
			runOnlyForDeploymentPostprocessing = 0;
		};
/* End PBXSourcesBuildPhase section */

/* Begin PBXTargetDependency section */
		9646CB001B8E8B61003FF188 /* PBXTargetDependency */ = {
			isa = PBXTargetDependency;
			target = 9646CAE51B8E8B60003FF188 /* ListaCoreData */;
			targetProxy = 9646CAFF1B8E8B61003FF188 /* PBXContainerItemProxy */;
		};
/* End PBXTargetDependency section */

/* Begin PBXVariantGroup section */
		9646CAF21B8E8B60003FF188 /* Main.storyboard */ = {
			isa = PBXVariantGroup;
			children = (
				9646CAF31B8E8B60003FF188 /* Base */,
			);
			name = Main.storyboard;
			sourceTree = "<group>";
		};
		9646CAF71B8E8B60003FF188 /* LaunchScreen.xib */ = {
			isa = PBXVariantGroup;
			children = (
				9646CAF81B8E8B60003FF188 /* Base */,
			);
			name = LaunchScreen.xib;
			sourceTree = "<group>";
		};
/* End PBXVariantGroup section */

/* Begin XCBuildConfiguration section */
		9646CB061B8E8B61003FF188 /* Debug */ = {
			isa = XCBuildConfiguration;
			buildSettings = {
				ALWAYS_SEARCH_USER_PATHS = NO;
				CLANG_CXX_LANGUAGE_STANDARD = "gnu++0x";
				CLANG_CXX_LIBRARY = "libc++";
				CLANG_ENABLE_MODULES = YES;
				CLANG_ENABLE_OBJC_ARC = YES;
				CLANG_WARN_BOOL_CONVERSION = YES;
				CLANG_WARN_CONSTANT_CONVERSION = YES;
				CLANG_WARN_DIRECT_OBJC_ISA_USAGE = YES_ERROR;
				CLANG_WARN_EMPTY_BODY = YES;
				CLANG_WARN_ENUM_CONVERSION = YES;
				CLANG_WARN_INT_CONVERSION = YES;
				CLANG_WARN_OBJC_ROOT_CLASS = YES_ERROR;
				CLANG_WARN_UNREACHABLE_CODE = YES;
				CLANG_WARN__DUPLICATE_METHOD_MATCH = YES;
				"CODE_SIGN_IDENTITY[sdk=iphoneos*]" = "iPhone Developer";
				COPY_PHASE_STRIP = NO;
				DEBUG_INFORMATION_FORMAT = "dwarf-with-dsym";
				ENABLE_STRICT_OBJC_MSGSEND = YES;
				GCC_C_LANGUAGE_STANDARD = gnu99;
				GCC_DYNAMIC_NO_PIC = NO;
				GCC_NO_COMMON_BLOCKS = YES;
				GCC_OPTIMIZATION_LEVEL = 0;
				GCC_PREPROCESSOR_DEFINITIONS = (
					"DEBUG=1",
					"$(inherited)",
				);
				GCC_SYMBOLS_PRIVATE_EXTERN = NO;
				GCC_WARN_64_TO_32_BIT_CONVERSION = YES;
				GCC_WARN_ABOUT_RETURN_TYPE = YES_ERROR;
				GCC_WARN_UNDECLARED_SELECTOR = YES;
				GCC_WARN_UNINITIALIZED_AUTOS = YES_AGGRESSIVE;
				GCC_WARN_UNUSED_FUNCTION = YES;
				GCC_WARN_UNUSED_VARIABLE = YES;
				IPHONEOS_DEPLOYMENT_TARGET = 8.4;
				MTL_ENABLE_DEBUG_INFO = YES;
				ONLY_ACTIVE_ARCH = YES;
				SDKROOT = iphoneos;
				SWIFT_OPTIMIZATION_LEVEL = "-Onone";
				TARGETED_DEVICE_FAMILY = "1,2";
			};
			name = Debug;
		};
		9646CB071B8E8B61003FF188 /* Release */ = {
			isa = XCBuildConfiguration;
			buildSettings = {
				ALWAYS_SEARCH_USER_PATHS = NO;
				CLANG_CXX_LANGUAGE_STANDARD = "gnu++0x";
				CLANG_CXX_LIBRARY = "libc++";
				CLANG_ENABLE_MODULES = YES;
				CLANG_ENABLE_OBJC_ARC = YES;
				CLANG_WARN_BOOL_CONVERSION = YES;
				CLANG_WARN_CONSTANT_CONVERSION = YES;
				CLANG_WARN_DIRECT_OBJC_ISA_USAGE = YES_ERROR;
				CLANG_WARN_EMPTY_BODY = YES;
				CLANG_WARN_ENUM_CONVERSION = YES;
				CLANG_WARN_INT_CONVERSION = YES;
				CLANG_WARN_OBJC_ROOT_CLASS = YES_ERROR;
				CLANG_WARN_UNREACHABLE_CODE = YES;
				CLANG_WARN__DUPLICATE_METHOD_MATCH = YES;
				"CODE_SIGN_IDENTITY[sdk=iphoneos*]" = "iPhone Developer";
				COPY_PHASE_STRIP = NO;
				DEBUG_INFORMATION_FORMAT = "dwarf-with-dsym";
				ENABLE_NS_ASSERTIONS = NO;
				ENABLE_STRICT_OBJC_MSGSEND = YES;
				GCC_C_LANGUAGE_STANDARD = gnu99;
				GCC_NO_COMMON_BLOCKS = YES;
				GCC_WARN_64_TO_32_BIT_CONVERSION = YES;
				GCC_WARN_ABOUT_RETURN_TYPE = YES_ERROR;
				GCC_WARN_UNDECLARED_SELECTOR = YES;
				GCC_WARN_UNINITIALIZED_AUTOS = YES_AGGRESSIVE;
				GCC_WARN_UNUSED_FUNCTION = YES;
				GCC_WARN_UNUSED_VARIABLE = YES;
				IPHONEOS_DEPLOYMENT_TARGET = 8.4;
				MTL_ENABLE_DEBUG_INFO = NO;
				SDKROOT = iphoneos;
				TARGETED_DEVICE_FAMILY = "1,2";
				VALIDATE_PRODUCT = YES;
			};
			name = Release;
		};
		9646CB091B8E8B61003FF188 /* Debug */ = {
			isa = XCBuildConfiguration;
			buildSettings = {
				ASSETCATALOG_COMPILER_APPICON_NAME = AppIcon;
				INFOPLIST_FILE = ListaCoreData/Info.plist;
				LD_RUNPATH_SEARCH_PATHS = "$(inherited) @executable_path/Frameworks";
				PRODUCT_NAME = "$(TARGET_NAME)";
			};
			name = Debug;
		};
		9646CB0A1B8E8B61003FF188 /* Release */ = {
			isa = XCBuildConfiguration;
			buildSettings = {
				ASSETCATALOG_COMPILER_APPICON_NAME = AppIcon;
				INFOPLIST_FILE = ListaCoreData/Info.plist;
				LD_RUNPATH_SEARCH_PATHS = "$(inherited) @executable_path/Frameworks";
				PRODUCT_NAME = "$(TARGET_NAME)";
			};
			name = Release;
		};
		9646CB0C1B8E8B61003FF188 /* Debug */ = {
			isa = XCBuildConfiguration;
			buildSettings = {
				BUNDLE_LOADER = "$(TEST_HOST)";
				FRAMEWORK_SEARCH_PATHS = (
					"$(SDKROOT)/Developer/Library/Frameworks",
					"$(inherited)",
				);
				GCC_PREPROCESSOR_DEFINITIONS = (
					"DEBUG=1",
					"$(inherited)",
				);
				INFOPLIST_FILE = ListaCoreDataTests/Info.plist;
				LD_RUNPATH_SEARCH_PATHS = "$(inherited) @executable_path/Frameworks @loader_path/Frameworks";
				PRODUCT_NAME = "$(TARGET_NAME)";
				TEST_HOST = "$(BUILT_PRODUCTS_DIR)/ListaCoreData.app/ListaCoreData";
			};
			name = Debug;
		};
		9646CB0D1B8E8B61003FF188 /* Release */ = {
			isa = XCBuildConfiguration;
			buildSettings = {
				BUNDLE_LOADER = "$(TEST_HOST)";
				FRAMEWORK_SEARCH_PATHS = (
					"$(SDKROOT)/Developer/Library/Frameworks",
					"$(inherited)",
				);
				INFOPLIST_FILE = ListaCoreDataTests/Info.plist;
				LD_RUNPATH_SEARCH_PATHS = "$(inherited) @executable_path/Frameworks @loader_path/Frameworks";
				PRODUCT_NAME = "$(TARGET_NAME)";
				TEST_HOST = "$(BUILT_PRODUCTS_DIR)/ListaCoreData.app/ListaCoreData";
			};
			name = Release;
		};
/* End XCBuildConfiguration section */

/* Begin XCConfigurationList section */
		9646CAE11B8E8B60003FF188 /* Build configuration list for PBXProject "ListaCoreData" */ = {
			isa = XCConfigurationList;
			buildConfigurations = (
				9646CB061B8E8B61003FF188 /* Debug */,
				9646CB071B8E8B61003FF188 /* Release */,
			);
			defaultConfigurationIsVisible = 0;
			defaultConfigurationName = Release;
		};
		9646CB081B8E8B61003FF188 /* Build configuration list for PBXNativeTarget "ListaCoreData" */ = {
			isa = XCConfigurationList;
			buildConfigurations = (
				9646CB091B8E8B61003FF188 /* Debug */,
				9646CB0A1B8E8B61003FF188 /* Release */,
			);
			defaultConfigurationIsVisible = 0;
			defaultConfigurationName = Release;
		};
		9646CB0B1B8E8B61003FF188 /* Build configuration list for PBXNativeTarget "ListaCoreDataTests" */ = {
			isa = XCConfigurationList;
			buildConfigurations = (
				9646CB0C1B8E8B61003FF188 /* Debug */,
				9646CB0D1B8E8B61003FF188 /* Release */,
			);
			defaultConfigurationIsVisible = 0;
			defaultConfigurationName = Release;
		};
/* End XCConfigurationList section */

/* Begin XCVersionGroup section */
		9646CAED1B8E8B60003FF188 /* ListaCoreData.xcdatamodeld */ = {
			isa = XCVersionGroup;
			children = (
				9646CAEE1B8E8B60003FF188 /* ListaCoreData.xcdatamodel */,
			);
			currentVersion = 9646CAEE1B8E8B60003FF188 /* ListaCoreData.xcdatamodel */;
			path = ListaCoreData.xcdatamodeld;
			sourceTree = "<group>";
			versionGroupType = wrapper.xcdatamodel;
		};
/* End XCVersionGroup section */
	};
	rootObject = 9646CADE1B8E8B60003FF188 /* Project object */;
}
